
Microsoft Visual Studio Solution File, Format Version 11.00
# Visual Studio 2010
Project("{8BC9CEB8-8B4A-11D0-8D11-00A0C91BC942}") = "ProImage_remap_fun", "ProImage_remap_fun\ProImage_remap_fun.vcxproj", "{DCBFCCC1-6C8C-485A-8C6A-29392CAA8F37}"
EndProject
Project("{8BC9CEB8-8B4A-11D0-8D11-00A0C91BC942}") = "ProImage_SURF_Fun", "ProImage_SURF_Fun\ProImage_SURF_Fun.vcxproj", "{C5AF7FAD-96AA-40FF-A7B7-776A9080A46D}"
EndProject
Project("{8BC9CEB8-8B4A-11D0-8D11-00A0C91BC942}") = "ProImage_ORI_Fun", "ProImage_Meanshift_Fun\ProImage_Meanshift_Fun.vcxproj", "{A511D5A1-B2F7-4AF8-A580-BC3FE6B05B04}"
EndProject
Project("{8BC9CEB8-8B4A-11D0-8D11-00A0C91BC942}") = "ProImage_PyrSegmentation_Fun", "ProImage_PyrSegmentation_Fun\ProImage_PyrSegmentation_Fun.vcxproj", "{BA77B6A1-BA25-45FC-B819-9FE2F934B27D}"
EndProject
Project("{8BC9CEB8-8B4A-11D0-8D11-00A0C91BC942}") = "Proimage_ZFCompare_fun", "Proimage_ZFCompare_fun\Proimage_ZFCompare_fun.vcxproj", "{4BB63890-7516-4007-90E6-685ECE0FAF90}"
EndProject
Project("{8BC9CEB8-8B4A-11D0-8D11-00A0C91BC942}") = "Proimage_ZFHistMatch_fun", "Proimage_ZFHistMatch_fun\Proimage_ZFHistMatch_fun.vcxproj", "{51A16CF0-C1F1-4720-A5DA-40B4E5C3DCA9}"
EndProject
Project("{8BC9CEB8-8B4A-11D0-8D11-00A0C91BC942}") = "Proimage_floodfill_fun", "Proimage_floodfill_fun\Proimage_floodfill_fun.vcxproj", "{778297A2-8D82-4DFB-B2FC-FF0E3FBA653B}"
EndProject
Project("{8BC9CEB8-8B4A-11D0-8D11-00A0C91BC942}") = "Proimage_FeatureDetector_fun", "Proimage_FeatureDetector_fun\Proimage_FeatureDetector_fun.vcxproj", "{8B43C81D-E785-4666-A553-52F22ABAA303}"
EndProject
Project("{8BC9CEB8-8B4A-11D0-8D11-00A0C91BC942}") = "Proimage_BackgroundSubtractorMOG_fun", "Proimage_BackgroundSubtractorMOG_fun\Proimage_BackgroundSubtractorMOG_fun.vcxproj", "{9EA1F063-663D-4FE2-8E84-01CE4FBD7C9F}"
EndProject
Project("{8BC9CEB8-8B4A-11D0-8D11-00A0C91BC942}") = "Proimage_GMM_1_alg", "Proimage_GMM_1_alg\Proimage_GMM_1_alg.vcxproj", "{823F1810-A039-4E34-92A8-BDF74EB1B8BB}"
EndProject
Project("{8BC9CEB8-8B4A-11D0-8D11-00A0C91BC942}") = "ProImage_grabcut_fun", "ProImge_grabcut_fun\ProImge_grabcut_fun.vcxproj", "{89CE23C6-5A5B-4A50-A8DD-087D3EA5112B}"
EndProject
Project("{8BC9CEB8-8B4A-11D0-8D11-00A0C91BC942}") = "Proimage_HoughLines_fun", "Proimage_HoughLines_fun\Proimage_HoughLines_fun.vcxproj", "{38187D2C-F0EB-4FF7-A2A8-3A1627A16BA5}"
EndProject
Project("{8BC9CEB8-8B4A-11D0-8D11-00A0C91BC942}") = "Proimage_Watershed_fun", "Proimage_Watershed_fun\Proimage_Watershed_fun.vcxproj", "{0058AA86-DE48-46BF-B243-AFEACDEAD5E7}"
EndProject
Project("{8BC9CEB8-8B4A-11D0-8D11-00A0C91BC942}") = "Proimage_PrySegmentation_fun", "Proimge_PrySegmentation_fun\Proimge_PrySegmentation_fun.vcxproj", "{F4A68B75-B33B-4CC6-862A-1465EDC3F7A9}"
EndProject
Project("{8BC9CEB8-8B4A-11D0-8D11-00A0C91BC942}") = "Proimage_HW2_fun", "Proimage_HW2_fun\Proimage_HW2_fun.vcxproj", "{D09374AE-106B-456A-AFE0-C69D9F57D32D}"
EndProject
Project("{8BC9CEB8-8B4A-11D0-8D11-00A0C91BC942}") = "Proimage_FaceDetection_fun", "Proimage_FaceDetection_fun\Proimage_FaceDetection_fun.vcxproj", "{211D2F1A-4BD6-44A5-8988-42FBF29C3C3D}"
EndProject
Project("{8BC9CEB8-8B4A-11D0-8D11-00A0C91BC942}") = "Proimage_detectREC_fun", "Proimage_detectREC_fun\Proimage_detectREC_fun.vcxproj", "{52D2E5D3-61B0-41A4-B11F-9A97C6162CEC}"
EndProject
Project("{8BC9CEB8-8B4A-11D0-8D11-00A0C91BC942}") = "Proimage_Split_alg", "Proimage_Split_alg\Proimage_Split_alg.vcxproj", "{83CE3236-2732-4D6D-BE28-25A27C5B771E}"
EndProject
Global
	GlobalSection(SolutionConfigurationPlatforms) = preSolution
		Debug|Win32 = Debug|Win32
		Release|Win32 = Release|Win32
	EndGlobalSection
	GlobalSection(ProjectConfigurationPlatforms) = postSolution
		{DCBFCCC1-6C8C-485A-8C6A-29392CAA8F37}.Debug|Win32.ActiveCfg = Debug|Win32
		{DCBFCCC1-6C8C-485A-8C6A-29392CAA8F37}.Debug|Win32.Build.0 = Debug|Win32
		{DCBFCCC1-6C8C-485A-8C6A-29392CAA8F37}.Release|Win32.ActiveCfg = Release|Win32
		{DCBFCCC1-6C8C-485A-8C6A-29392CAA8F37}.Release|Win32.Build.0 = Release|Win32
		{C5AF7FAD-96AA-40FF-A7B7-776A9080A46D}.Debug|Win32.ActiveCfg = Debug|Win32
		{C5AF7FAD-96AA-40FF-A7B7-776A9080A46D}.Debug|Win32.Build.0 = Debug|Win32
		{C5AF7FAD-96AA-40FF-A7B7-776A9080A46D}.Release|Win32.ActiveCfg = Release|Win32
		{C5AF7FAD-96AA-40FF-A7B7-776A9080A46D}.Release|Win32.Build.0 = Release|Win32
		{A511D5A1-B2F7-4AF8-A580-BC3FE6B05B04}.Debug|Win32.ActiveCfg = Debug|Win32
		{A511D5A1-B2F7-4AF8-A580-BC3FE6B05B04}.Debug|Win32.Build.0 = Debug|Win32
		{A511D5A1-B2F7-4AF8-A580-BC3FE6B05B04}.Release|Win32.ActiveCfg = Release|Win32
		{A511D5A1-B2F7-4AF8-A580-BC3FE6B05B04}.Release|Win32.Build.0 = Release|Win32
		{BA77B6A1-BA25-45FC-B819-9FE2F934B27D}.Debug|Win32.ActiveCfg = Debug|Win32
		{BA77B6A1-BA25-45FC-B819-9FE2F934B27D}.Debug|Win32.Build.0 = Debug|Win32
		{BA77B6A1-BA25-45FC-B819-9FE2F934B27D}.Release|Win32.ActiveCfg = Release|Win32
		{BA77B6A1-BA25-45FC-B819-9FE2F934B27D}.Release|Win32.Build.0 = Release|Win32
		{4BB63890-7516-4007-90E6-685ECE0FAF90}.Debug|Win32.ActiveCfg = Debug|Win32
		{4BB63890-7516-4007-90E6-685ECE0FAF90}.Debug|Win32.Build.0 = Debug|Win32
		{4BB63890-7516-4007-90E6-685ECE0FAF90}.Release|Win32.ActiveCfg = Release|Win32
		{4BB63890-7516-4007-90E6-685ECE0FAF90}.Release|Win32.Build.0 = Release|Win32
		{51A16CF0-C1F1-4720-A5DA-40B4E5C3DCA9}.Debug|Win32.ActiveCfg = Debug|Win32
		{51A16CF0-C1F1-4720-A5DA-40B4E5C3DCA9}.Debug|Win32.Build.0 = Debug|Win32
		{51A16CF0-C1F1-4720-A5DA-40B4E5C3DCA9}.Release|Win32.ActiveCfg = Release|Win32
		{51A16CF0-C1F1-4720-A5DA-40B4E5C3DCA9}.Release|Win32.Build.0 = Release|Win32
		{778297A2-8D82-4DFB-B2FC-FF0E3FBA653B}.Debug|Win32.ActiveCfg = Debug|Win32
		{778297A2-8D82-4DFB-B2FC-FF0E3FBA653B}.Debug|Win32.Build.0 = Debug|Win32
		{778297A2-8D82-4DFB-B2FC-FF0E3FBA653B}.Release|Win32.ActiveCfg = Release|Win32
		{778297A2-8D82-4DFB-B2FC-FF0E3FBA653B}.Release|Win32.Build.0 = Release|Win32
		{8B43C81D-E785-4666-A553-52F22ABAA303}.Debug|Win32.ActiveCfg = Debug|Win32
		{8B43C81D-E785-4666-A553-52F22ABAA303}.Debug|Win32.Build.0 = Debug|Win32
		{8B43C81D-E785-4666-A553-52F22ABAA303}.Release|Win32.ActiveCfg = Release|Win32
		{8B43C81D-E785-4666-A553-52F22ABAA303}.Release|Win32.Build.0 = Release|Win32
		{9EA1F063-663D-4FE2-8E84-01CE4FBD7C9F}.Debug|Win32.ActiveCfg = Debug|Win32
		{9EA1F063-663D-4FE2-8E84-01CE4FBD7C9F}.Debug|Win32.Build.0 = Debug|Win32
		{9EA1F063-663D-4FE2-8E84-01CE4FBD7C9F}.Release|Win32.ActiveCfg = Release|Win32
		{9EA1F063-663D-4FE2-8E84-01CE4FBD7C9F}.Release|Win32.Build.0 = Release|Win32
		{823F1810-A039-4E34-92A8-BDF74EB1B8BB}.Debug|Win32.ActiveCfg = Debug|Win32
		{823F1810-A039-4E34-92A8-BDF74EB1B8BB}.Debug|Win32.Build.0 = Debug|Win32
		{823F1810-A039-4E34-92A8-BDF74EB1B8BB}.Release|Win32.ActiveCfg = Release|Win32
		{823F1810-A039-4E34-92A8-BDF74EB1B8BB}.Release|Win32.Build.0 = Release|Win32
		{89CE23C6-5A5B-4A50-A8DD-087D3EA5112B}.Debug|Win32.ActiveCfg = Debug|Win32
		{89CE23C6-5A5B-4A50-A8DD-087D3EA5112B}.Debug|Win32.Build.0 = Debug|Win32
		{89CE23C6-5A5B-4A50-A8DD-087D3EA5112B}.Release|Win32.ActiveCfg = Release|Win32
		{89CE23C6-5A5B-4A50-A8DD-087D3EA5112B}.Release|Win32.Build.0 = Release|Win32
		{38187D2C-F0EB-4FF7-A2A8-3A1627A16BA5}.Debug|Win32.ActiveCfg = Debug|Win32
		{38187D2C-F0EB-4FF7-A2A8-3A1627A16BA5}.Debug|Win32.Build.0 = Debug|Win32
		{38187D2C-F0EB-4FF7-A2A8-3A1627A16BA5}.Release|Win32.ActiveCfg = Release|Win32
		{38187D2C-F0EB-4FF7-A2A8-3A1627A16BA5}.Release|Win32.Build.0 = Release|Win32
		{0058AA86-DE48-46BF-B243-AFEACDEAD5E7}.Debug|Win32.ActiveCfg = Debug|Win32
		{0058AA86-DE48-46BF-B243-AFEACDEAD5E7}.Debug|Win32.Build.0 = Debug|Win32
		{0058AA86-DE48-46BF-B243-AFEACDEAD5E7}.Release|Win32.ActiveCfg = Release|Win32
		{0058AA86-DE48-46BF-B243-AFEACDEAD5E7}.Release|Win32.Build.0 = Release|Win32
		{F4A68B75-B33B-4CC6-862A-1465EDC3F7A9}.Debug|Win32.ActiveCfg = Debug|Win32
		{F4A68B75-B33B-4CC6-862A-1465EDC3F7A9}.Debug|Win32.Build.0 = Debug|Win32
		{F4A68B75-B33B-4CC6-862A-1465EDC3F7A9}.Release|Win32.ActiveCfg = Release|Win32
		{F4A68B75-B33B-4CC6-862A-1465EDC3F7A9}.Release|Win32.Build.0 = Release|Win32
		{D09374AE-106B-456A-AFE0-C69D9F57D32D}.Debug|Win32.ActiveCfg = Debug|Win32
		{D09374AE-106B-456A-AFE0-C69D9F57D32D}.Debug|Win32.Build.0 = Debug|Win32
		{D09374AE-106B-456A-AFE0-C69D9F57D32D}.Release|Win32.ActiveCfg = Release|Win32
		{D09374AE-106B-456A-AFE0-C69D9F57D32D}.Release|Win32.Build.0 = Release|Win32
		{211D2F1A-4BD6-44A5-8988-42FBF29C3C3D}.Debug|Win32.ActiveCfg = Debug|Win32
		{211D2F1A-4BD6-44A5-8988-42FBF29C3C3D}.Debug|Win32.Build.0 = Debug|Win32
		{211D2F1A-4BD6-44A5-8988-42FBF29C3C3D}.Release|Win32.ActiveCfg = Release|Win32
		{211D2F1A-4BD6-44A5-8988-42FBF29C3C3D}.Release|Win32.Build.0 = Release|Win32
		{52D2E5D3-61B0-41A4-B11F-9A97C6162CEC}.Debug|Win32.ActiveCfg = Debug|Win32
		{52D2E5D3-61B0-41A4-B11F-9A97C6162CEC}.Debug|Win32.Build.0 = Debug|Win32
		{52D2E5D3-61B0-41A4-B11F-9A97C6162CEC}.Release|Win32.ActiveCfg = Release|Win32
		{52D2E5D3-61B0-41A4-B11F-9A97C6162CEC}.Release|Win32.Build.0 = Release|Win32
		{83CE3236-2732-4D6D-BE28-25A27C5B771E}.Debug|Win32.ActiveCfg = Debug|Win32
		{83CE3236-2732-4D6D-BE28-25A27C5B771E}.Debug|Win32.Build.0 = Debug|Win32
		{83CE3236-2732-4D6D-BE28-25A27C5B771E}.Release|Win32.ActiveCfg = Release|Win32
		{83CE3236-2732-4D6D-BE28-25A27C5B771E}.Release|Win32.Build.0 = Release|Win32
	EndGlobalSection
	GlobalSection(SolutionProperties) = preSolution
		HideSolutionNode = FALSE
	EndGlobalSection
EndGlobal
